Microsoft Visual Studio Solution File, Format Version 9.00
# Visual Studio 2005
Project("{FAE04EC0-301F-11D3-BF4B-00C04F79EFBC}") = "TestFu.Tests", "TestFu.Tests\TestFu.Tests.csproj", "{8E230885-FE60-442C-9CE7-B2FFB4887AD5}"
	ProjectSection(WebsiteProperties) = preProject
		Debug.AspNetCompiler.Debug = "True"
		Release.AspNetCompiler.Debug = "False"
	EndProjectSection
EndProject
Project("{FAE04EC0-301F-11D3-BF4B-00C04F79EFBC}") = "MbUnit.Framework", "MbUnit.Framework\MbUnit.Framework.csproj", "{F822ABA5-0F5F-44AF-A13C-EE62DDF5E397}"
	ProjectSection(WebsiteProperties) = preProject
		Debug.AspNetCompiler.Debug = "True"
		Release.AspNetCompiler.Debug = "False"
	EndProjectSection
EndProject
Project("{FAE04EC0-301F-11D3-BF4B-00C04F79EFBC}") = "MbUnit.GUI", "MbUnit.GUI\MbUnit.GUI.csproj", "{D555D4C7-28A4-44D7-8F2E-88ADC1C1A992}"
	ProjectSection(WebsiteProperties) = preProject
		Debug.AspNetCompiler.Debug = "True"
		Release.AspNetCompiler.Debug = "False"
	EndProjectSection
EndProject
Project("{FAE04EC0-301F-11D3-BF4B-00C04F79EFBC}") = "TestFu", "TestFu\TestFu.csproj", "{A88D4337-9198-4095-B889-63D6F11F3894}"
	ProjectSection(WebsiteProperties) = preProject
		Debug.AspNetCompiler.Debug = "True"
		Release.AspNetCompiler.Debug = "False"
	EndProjectSection
EndProject
Project("{FAE04EC0-301F-11D3-BF4B-00C04F79EFBC}") = "MbUnit.MSBuild.Tasks", "MbUnit.MSBuild.Tasks\MbUnit.MSBuild.Tasks.csproj", "{B96783DD-B93A-4EC7-B037-99A34D2487E6}"
	ProjectSection(WebsiteProperties) = preProject
		Debug.AspNetCompiler.Debug = "True"
		Release.AspNetCompiler.Debug = "False"
	EndProjectSection
EndProject
Project("{FAE04EC0-301F-11D3-BF4B-00C04F79EFBC}") = "MbUnit.Tasks", "MbUnit.Tasks\MbUnit.Tasks.csproj", "{1230E770-11F1-4DB8-8176-B1978231BCE3}"
	ProjectSection(WebsiteProperties) = preProject
		Debug.AspNetCompiler.Debug = "True"
		Release.AspNetCompiler.Debug = "False"
	EndProjectSection
EndProject
Project("{FAE04EC0-301F-11D3-BF4B-00C04F79EFBC}") = "MbUnit.Framework.Tests", "..\Tests\MbUnit.Framework\MbUnit.Framework.Tests.csproj", "{9673298A-2E7B-4024-9261-00E4A9FF13EB}"
	ProjectSection(WebsiteProperties) = preProject
		Debug.AspNetCompiler.Debug = "True"
		Release.AspNetCompiler.Debug = "False"
	EndProjectSection
EndProject
Project("{FAE04EC0-301F-11D3-BF4B-00C04F79EFBC}") = "MbUnit.AddIn", "MbUnit.AddIn\MbUnit.AddIn.csproj", "{53E13EE8-E19A-43DD-A623-55023BF74AD6}"
	ProjectSection(WebsiteProperties) = preProject
		Debug.AspNetCompiler.Debug = "True"
		Release.AspNetCompiler.Debug = "False"
	EndProjectSection
EndProject
Global
	GlobalSection(SolutionConfigurationPlatforms) = preSolution
		Debug|Any CPU = Debug|Any CPU
		Release|Any CPU = Release|Any CPU
		StrongDebug|Any CPU = StrongDebug|Any CPU
		StrongRelease|Any CPU = StrongRelease|Any CPU
	EndGlobalSection
	GlobalSection(ProjectConfigurationPlatforms) = postSolution
		{8E230885-FE60-442C-9CE7-B2FFB4887AD5}.Debug|Any CPU.ActiveCfg = Debug|Any CPU
		{8E230885-FE60-442C-9CE7-B2FFB4887AD5}.Debug|Any CPU.Build.0 = Debug|Any CPU
		{8E230885-FE60-442C-9CE7-B2FFB4887AD5}.Release|Any CPU.ActiveCfg = Release|Any CPU
		{8E230885-FE60-442C-9CE7-B2FFB4887AD5}.Release|Any CPU.Build.0 = Release|Any CPU
		{8E230885-FE60-442C-9CE7-B2FFB4887AD5}.StrongDebug|Any CPU.ActiveCfg = Debug|Any CPU
		{8E230885-FE60-442C-9CE7-B2FFB4887AD5}.StrongDebug|Any CPU.Build.0 = Debug|Any CPU
		{8E230885-FE60-442C-9CE7-B2FFB4887AD5}.StrongRelease|Any CPU.ActiveCfg = Release|Any CPU
		{8E230885-FE60-442C-9CE7-B2FFB4887AD5}.StrongRelease|Any CPU.Build.0 = Release|Any CPU
		{F822ABA5-0F5F-44AF-A13C-EE62DDF5E397}.Debug|Any CPU.ActiveCfg = Debug|Any CPU
		{F822ABA5-0F5F-44AF-A13C-EE62DDF5E397}.Debug|Any CPU.Build.0 = Debug|Any CPU
		{F822ABA5-0F5F-44AF-A13C-EE62DDF5E397}.Release|Any CPU.ActiveCfg = Release|Any CPU
		{F822ABA5-0F5F-44AF-A13C-EE62DDF5E397}.Release|Any CPU.Build.0 = Release|Any CPU
		{F822ABA5-0F5F-44AF-A13C-EE62DDF5E397}.StrongDebug|Any CPU.ActiveCfg = StrongDebug|Any CPU
		{F822ABA5-0F5F-44AF-A13C-EE62DDF5E397}.StrongDebug|Any CPU.Build.0 = StrongDebug|Any CPU
		{F822ABA5-0F5F-44AF-A13C-EE62DDF5E397}.StrongRelease|Any CPU.ActiveCfg = StrongRelease|Any CPU
		{F822ABA5-0F5F-44AF-A13C-EE62DDF5E397}.StrongRelease|Any CPU.Build.0 = StrongRelease|Any CPU
		{D555D4C7-28A4-44D7-8F2E-88ADC1C1A992}.Debug|Any CPU.ActiveCfg = Debug|Any CPU
		{D555D4C7-28A4-44D7-8F2E-88ADC1C1A992}.Debug|Any CPU.Build.0 = Debug|Any CPU
		{D555D4C7-28A4-44D7-8F2E-88ADC1C1A992}.Release|Any CPU.ActiveCfg = Release|Any CPU
		{D555D4C7-28A4-44D7-8F2E-88ADC1C1A992}.Release|Any CPU.Build.0 = Release|Any CPU
		{D555D4C7-28A4-44D7-8F2E-88ADC1C1A992}.StrongDebug|Any CPU.ActiveCfg = StrongDebug|Any CPU
		{D555D4C7-28A4-44D7-8F2E-88ADC1C1A992}.StrongDebug|Any CPU.Build.0 = StrongDebug|Any CPU
		{D555D4C7-28A4-44D7-8F2E-88ADC1C1A992}.StrongRelease|Any CPU.ActiveCfg = StrongRelease|Any CPU
		{D555D4C7-28A4-44D7-8F2E-88ADC1C1A992}.StrongRelease|Any CPU.Build.0 = StrongRelease|Any CPU
		{A88D4337-9198-4095-B889-63D6F11F3894}.Debug|Any CPU.ActiveCfg = Debug|Any CPU
		{A88D4337-9198-4095-B889-63D6F11F3894}.Debug|Any CPU.Build.0 = Debug|Any CPU
		{A88D4337-9198-4095-B889-63D6F11F3894}.Release|Any CPU.ActiveCfg = Release|Any CPU
		{A88D4337-9198-4095-B889-63D6F11F3894}.Release|Any CPU.Build.0 = Release|Any CPU
		{A88D4337-9198-4095-B889-63D6F11F3894}.StrongDebug|Any CPU.ActiveCfg = StrongDebug|Any CPU
		{A88D4337-9198-4095-B889-63D6F11F3894}.StrongDebug|Any CPU.Build.0 = StrongDebug|Any CPU
		{A88D4337-9198-4095-B889-63D6F11F3894}.StrongRelease|Any CPU.ActiveCfg = StrongRelease|Any CPU
		{A88D4337-9198-4095-B889-63D6F11F3894}.StrongRelease|Any CPU.Build.0 = StrongRelease|Any CPU
		{B96783DD-B93A-4EC7-B037-99A34D2487E6}.Debug|Any CPU.ActiveCfg = Debug|Any CPU
		{B96783DD-B93A-4EC7-B037-99A34D2487E6}.Debug|Any CPU.Build.0 = Debug|Any CPU
		{B96783DD-B93A-4EC7-B037-99A34D2487E6}.Release|Any CPU.ActiveCfg = Release|Any CPU
		{B96783DD-B93A-4EC7-B037-99A34D2487E6}.Release|Any CPU.Build.0 = Release|Any CPU
		{B96783DD-B93A-4EC7-B037-99A34D2487E6}.StrongDebug|Any CPU.ActiveCfg = Debug|Any CPU
		{B96783DD-B93A-4EC7-B037-99A34D2487E6}.StrongDebug|Any CPU.Build.0 = Debug|Any CPU
		{B96783DD-B93A-4EC7-B037-99A34D2487E6}.StrongRelease|Any CPU.ActiveCfg = StrongRelease|Any CPU
		{B96783DD-B93A-4EC7-B037-99A34D2487E6}.StrongRelease|Any CPU.Build.0 = StrongRelease|Any CPU
		{1230E770-11F1-4DB8-8176-B1978231BCE3}.Debug|Any CPU.ActiveCfg = Debug|Any CPU
		{1230E770-11F1-4DB8-8176-B1978231BCE3}.Debug|Any CPU.Build.0 = Debug|Any CPU
		{1230E770-11F1-4DB8-8176-B1978231BCE3}.Release|Any CPU.ActiveCfg = Release|Any CPU
		{1230E770-11F1-4DB8-8176-B1978231BCE3}.Release|Any CPU.Build.0 = Release|Any CPU
		{1230E770-11F1-4DB8-8176-B1978231BCE3}.StrongDebug|Any CPU.ActiveCfg = StrongDebug|Any CPU
		{1230E770-11F1-4DB8-8176-B1978231BCE3}.StrongDebug|Any CPU.Build.0 = StrongDebug|Any CPU
		{1230E770-11F1-4DB8-8176-B1978231BCE3}.StrongRelease|Any CPU.ActiveCfg = StrongRelease|Any CPU
		{1230E770-11F1-4DB8-8176-B1978231BCE3}.StrongRelease|Any CPU.Build.0 = StrongRelease|Any CPU
		{9673298A-2E7B-4024-9261-00E4A9FF13EB}.Debug|Any CPU.ActiveCfg = Debug|Any CPU
		{9673298A-2E7B-4024-9261-00E4A9FF13EB}.Debug|Any CPU.Build.0 = Debug|Any CPU
		{9673298A-2E7B-4024-9261-00E4A9FF13EB}.Release|Any CPU.ActiveCfg = Release|Any CPU
		{9673298A-2E7B-4024-9261-00E4A9FF13EB}.Release|Any CPU.Build.0 = Release|Any CPU
		{9673298A-2E7B-4024-9261-00E4A9FF13EB}.StrongDebug|Any CPU.ActiveCfg = Debug|Any CPU
		{9673298A-2E7B-4024-9261-00E4A9FF13EB}.StrongDebug|Any CPU.Build.0 = Debug|Any CPU
		{9673298A-2E7B-4024-9261-00E4A9FF13EB}.StrongRelease|Any CPU.ActiveCfg = Release|Any CPU
		{9673298A-2E7B-4024-9261-00E4A9FF13EB}.StrongRelease|Any CPU.Build.0 = Release|Any CPU
		{53E13EE8-E19A-43DD-A623-55023BF74AD6}.Debug|Any CPU.ActiveCfg = Debug|Any CPU
		{53E13EE8-E19A-43DD-A623-55023BF74AD6}.Debug|Any CPU.Build.0 = Debug|Any CPU
		{53E13EE8-E19A-43DD-A623-55023BF74AD6}.Release|Any CPU.ActiveCfg = Release|Any CPU
		{53E13EE8-E19A-43DD-A623-55023BF74AD6}.Release|Any CPU.Build.0 = Release|Any CPU
		{53E13EE8-E19A-43DD-A623-55023BF74AD6}.StrongDebug|Any CPU.ActiveCfg = StrongDebug|Any CPU
		{53E13EE8-E19A-43DD-A623-55023BF74AD6}.StrongDebug|Any CPU.Build.0 = StrongDebug|Any CPU
		{53E13EE8-E19A-43DD-A623-55023BF74AD6}.StrongRelease|Any CPU.ActiveCfg = StrongRelease|Any CPU
		{53E13EE8-E19A-43DD-A623-55023BF74AD6}.StrongRelease|Any CPU.Build.0 = StrongRelease|Any CPU
	EndGlobalSection
	GlobalSection(SolutionProperties) = preSolution
		HideSolutionNode = FALSE
	EndGlobalSection
EndGlobal
