
Microsoft Visual Studio Solution File, Format Version 10.00
# Visual Studio 2008
Project("{E24C65DC-7377-472B-9ABA-BC803B73C61A}") = "gallio.org", "gallio.org\", "{38F81725-638D-4A81-A288-9E186F9CE820}"
	ProjectSection(WebsiteProperties) = preProject
		TargetFramework = "2.0"
		Debug.AspNetCompiler.VirtualPath = "/gallio.org"
		Debug.AspNetCompiler.PhysicalPath = "..\Websites\gallio.org\"
		Debug.AspNetCompiler.TargetPath = "PrecompiledWeb\gallio.org\"
		Debug.AspNetCompiler.Updateable = "true"
		Debug.AspNetCompiler.ForceOverwrite = "true"
		Debug.AspNetCompiler.FixedNames = "false"
		Debug.AspNetCompiler.Debug = "True"
		Release.AspNetCompiler.VirtualPath = "/gallio.org"
		Release.AspNetCompiler.PhysicalPath = "..\Websites\gallio.org\"
		Release.AspNetCompiler.TargetPath = "PrecompiledWeb\gallio.org\"
		Release.AspNetCompiler.Updateable = "true"
		Release.AspNetCompiler.ForceOverwrite = "true"
		Release.AspNetCompiler.FixedNames = "false"
		Release.AspNetCompiler.Debug = "False"
		VWDPort = "49908"
		DefaultWebSiteLanguage = "Visual C#"
	EndProjectSection
EndProject
Global
	GlobalSection(SolutionConfigurationPlatforms) = preSolution
		Debug|.NET = Debug|.NET
	EndGlobalSection
	GlobalSection(ProjectConfigurationPlatforms) = postSolution
		{38F81725-638D-4A81-A288-9E186F9CE820}.Debug|.NET.ActiveCfg = Debug|.NET
		{38F81725-638D-4A81-A288-9E186F9CE820}.Debug|.NET.Build.0 = Debug|.NET
	EndGlobalSection
	GlobalSection(SolutionProperties) = preSolution
		HideSolutionNode = FALSE
	EndGlobalSection
EndGlobal
