Microsoft Visual Studio Solution File, Format Version 9.00
# Visual C# Express 2005
Project("{FAE04EC0-301F-11D3-BF4B-00C04F79EFBC}") = "QuickGraph.UnitTests", "QuickGraph.Tests\QuickGraph.UnitTests.csproj", "{784A584E-4A0E-4420-BE9A-70094BC0FF01}"
EndProject
Global
	GlobalSection(SolutionConfigurationPlatforms) = preSolution
		Debug|Any CPU = Debug|Any CPU
		Release|Any CPU = Release|Any CPU
		StrongDebug|Any CPU = StrongDebug|Any CPU
		StrongRelease|Any CPU = StrongRelease|Any CPU
	EndGlobalSection
	GlobalSection(ProjectConfigurationPlatforms) = postSolution
		{784A584E-4A0E-4420-BE9A-70094BC0FF01}.Debug|Any CPU.ActiveCfg = Debug|Any CPU
		{784A584E-4A0E-4420-BE9A-70094BC0FF01}.Debug|Any CPU.Build.0 = Debug|Any CPU
		{784A584E-4A0E-4420-BE9A-70094BC0FF01}.Release|Any CPU.ActiveCfg = Release|Any CPU
		{784A584E-4A0E-4420-BE9A-70094BC0FF01}.Release|Any CPU.Build.0 = Release|Any CPU
		{784A584E-4A0E-4420-BE9A-70094BC0FF01}.StrongDebug|Any CPU.ActiveCfg = StrongDebug|Any CPU
		{784A584E-4A0E-4420-BE9A-70094BC0FF01}.StrongDebug|Any CPU.Build.0 = StrongDebug|Any CPU
		{784A584E-4A0E-4420-BE9A-70094BC0FF01}.StrongRelease|Any CPU.ActiveCfg = StrongRelease|Any CPU
		{784A584E-4A0E-4420-BE9A-70094BC0FF01}.StrongRelease|Any CPU.Build.0 = StrongRelease|Any CPU
	EndGlobalSection
	GlobalSection(SolutionProperties) = preSolution
		HideSolutionNode = FALSE
	EndGlobalSection
EndGlobal
