Microsoft Visual Studio Solution File, Format Version 9.00
# Visual C# Express 2005
Project("{FAE04EC0-301F-11D3-BF4B-00C04F79EFBC}") = "XsdTidy", "XsdTidy\XsdTidy.csproj", "{3A96A588-B37C-4B9A-BCDC-EB6DD2E0C5B6}"
EndProject
Project("{FAE04EC0-301F-11D3-BF4B-00C04F79EFBC}") = "Refly", "Refly\Refly.csproj", "{1B1D1BA1-5D34-4C8B-9727-8ED6E14E7CB9}"
EndProject
Global
	GlobalSection(SolutionConfigurationPlatforms) = preSolution
		Debug|Any CPU = Debug|Any CPU
		Release|Any CPU = Release|Any CPU
	EndGlobalSection
	GlobalSection(ProjectConfigurationPlatforms) = postSolution
		{3A96A588-B37C-4B9A-BCDC-EB6DD2E0C5B6}.Debug|Any CPU.ActiveCfg = Debug|Any CPU
		{3A96A588-B37C-4B9A-BCDC-EB6DD2E0C5B6}.Debug|Any CPU.Build.0 = Debug|Any CPU
		{3A96A588-B37C-4B9A-BCDC-EB6DD2E0C5B6}.Release|Any CPU.ActiveCfg = Release|Any CPU
		{3A96A588-B37C-4B9A-BCDC-EB6DD2E0C5B6}.Release|Any CPU.Build.0 = Release|Any CPU
		{1B1D1BA1-5D34-4C8B-9727-8ED6E14E7CB9}.Debug|Any CPU.ActiveCfg = Debug|Any CPU
		{1B1D1BA1-5D34-4C8B-9727-8ED6E14E7CB9}.Debug|Any CPU.Build.0 = Debug|Any CPU
		{1B1D1BA1-5D34-4C8B-9727-8ED6E14E7CB9}.Release|Any CPU.ActiveCfg = Release|Any CPU
		{1B1D1BA1-5D34-4C8B-9727-8ED6E14E7CB9}.Release|Any CPU.Build.0 = Release|Any CPU
	EndGlobalSection
	GlobalSection(SolutionProperties) = preSolution
		HideSolutionNode = FALSE
	EndGlobalSection
EndGlobal
