Microsoft Visual Studio Solution File, Format Version 9.00
# Visual Studio 2005
Project("{FAE04EC0-301F-11D3-BF4B-00C04F79EFBC}") = "MbUnit.AddIn", "mbunit\MbUnit.AddIn\MbUnit.AddIn.csproj", "{53E13EE8-E19A-43DD-A623-55023BF74AD6}"
EndProject
Project("{FAE04EC0-301F-11D3-BF4B-00C04F79EFBC}") = "MbUnit.Cons", "mbunit\MbUnit.Cons\MbUnit.Cons.csproj", "{9702DDFB-F5EC-45AD-B515-0743B8F348F8}"
EndProject
Project("{FAE04EC0-301F-11D3-BF4B-00C04F79EFBC}") = "MbUnit.Demo", "mbunit\MbUnit.Demo\MbUnit.Demo.csproj", "{B9CD4F60-FBF3-42EB-AF89-0984CF60BEED}"
EndProject
Project("{FAE04EC0-301F-11D3-BF4B-00C04F79EFBC}") = "MbUnit.Demo.1.1", "mbunit\MbUnit.Demo.1.1\MbUnit.Demo.1.1.csproj", "{D392728B-E989-4463-A7D7-3361B1F6A5C9}"
EndProject
Project("{FAE04EC0-301F-11D3-BF4B-00C04F79EFBC}") = "MbUnit.Framework", "mbunit\MbUnit.Framework\MbUnit.Framework.csproj", "{F822ABA5-0F5F-44AF-A13C-EE62DDF5E397}"
EndProject
Project("{FAE04EC0-301F-11D3-BF4B-00C04F79EFBC}") = "MbUnit.Framework.2.0", "mbunit\MbUnit.Framework.2.0\MbUnit.Framework.2.0.csproj", "{15501EC2-F625-41C5-A1BF-3B17069C4F5B}"
EndProject
Project("{FAE04EC0-301F-11D3-BF4B-00C04F79EFBC}") = "MbUnit.GUI", "mbunit\MbUnit.GUI\MbUnit.GUI.csproj", "{D555D4C7-28A4-44D7-8F2E-88ADC1C1A992}"
EndProject
Project("{FAE04EC0-301F-11D3-BF4B-00C04F79EFBC}") = "MbUnit.MSBuild.Tasks", "mbunit\MbUnit.MSBuild.Tasks\MbUnit.MSBuild.Tasks.csproj", "{B96783DD-B93A-4EC7-B037-99A34D2487E6}"
EndProject
Project("{FAE04EC0-301F-11D3-BF4B-00C04F79EFBC}") = "MbUnit.Tasks", "mbunit\MbUnit.Tasks\MbUnit.Tasks.csproj", "{1230E770-11F1-4DB8-8176-B1978231BCE3}"
EndProject
Project("{FAE04EC0-301F-11D3-BF4B-00C04F79EFBC}") = "TestFu", "mbunit\TestFu\TestFu.csproj", "{A88D4337-9198-4095-B889-63D6F11F3894}"
EndProject
Project("{FAE04EC0-301F-11D3-BF4B-00C04F79EFBC}") = "TestFu.Tests", "mbunit\TestFu.Tests\TestFu.Tests.csproj", "{8E230885-FE60-442C-9CE7-B2FFB4887AD5}"
EndProject
Project("{FAE04EC0-301F-11D3-BF4B-00C04F79EFBC}") = "QuickGraph", "quickgraph\QuickGraph\QuickGraph.csproj", "{5F42D0C5-A525-4891-9A5D-3D8BE4A21626}"
EndProject
Project("{2150E333-8FDC-42A3-9474-1A3956D46DE8}") = "MbUnit", "MbUnit", "{56F03079-C307-476F-B273-42E794AFD3D5}"
EndProject
Project("{2150E333-8FDC-42A3-9474-1A3956D46DE8}") = "QuickGraph", "QuickGraph", "{22C1E1C6-834D-4CAF-AEC3-3C88C852DCE3}"
EndProject
Project("{2150E333-8FDC-42A3-9474-1A3956D46DE8}") = "Refly", "Refly", "{7E39B9A9-14A0-45D1-AB7C-643662D0F1BA}"
EndProject
Project("{FAE04EC0-301F-11D3-BF4B-00C04F79EFBC}") = "Refly", "refly\Refly\Refly.csproj", "{1B1D1BA1-5D34-4C8B-9727-8ED6E14E7CB9}"
EndProject
Project("{FAE04EC0-301F-11D3-BF4B-00C04F79EFBC}") = "Refly.Cons", "refly\Refly.Cons\Refly.Cons.csproj", "{5DF89B1E-72B5-430B-BA75-FD1B34B57481}"
EndProject
Project("{FAE04EC0-301F-11D3-BF4B-00C04F79EFBC}") = "XsdTidy", "refly\XsdTidy\XsdTidy.csproj", "{3A96A588-B37C-4B9A-BCDC-EB6DD2E0C5B6}"
EndProject
Project("{FAE04EC0-301F-11D3-BF4B-00C04F79EFBC}") = "QuickGraph.Algorithms", "quickgraph\QuickGraph.Algorithms\QuickGraph.Algorithms.csproj", "{EB884293-9316-41E5-A026-8A0F036E5887}"
EndProject
Project("{FAE04EC0-301F-11D3-BF4B-00C04F79EFBC}") = "QuickGraph.Algorithms.Graphviz", "quickgraph\QuickGraph.Algorithms.Graphviz\QuickGraph.Algorithms.Graphviz.csproj", "{2108A9E1-8D2F-4677-ACA1-4E88CFC188FE}"
EndProject
Project("{FAE04EC0-301F-11D3-BF4B-00C04F79EFBC}") = "QuickGraph.Tests", "quickgraph\QuickGraph.Tests\QuickGraph.Tests.csproj", "{784A584E-4A0E-4420-BE9A-70094BC0FF01}"
EndProject
Project("{FAE04EC0-301F-11D3-BF4B-00C04F79EFBC}") = "MbUnit.Framework.Tests", "mbunit\MbUnit.Framework.Tests\MbUnit.Framework.Tests.csproj", "{9673298A-2E7B-4024-9261-00E4A9FF13EB}"
EndProject
Project("{FAE04EC0-301F-11D3-BF4B-00C04F79EFBC}") = "MbUnit.Framework.Tests20", "mbunit\MbUnit.Framework.Tests20\MbUnit.Framework.Tests20.csproj", "{3298EBE2-44B2-414B-ABE6-0854F922FB4F}"
EndProject
Global
	GlobalSection(SolutionConfigurationPlatforms) = preSolution
		Debug|Any CPU = Debug|Any CPU
		Release|Any CPU = Release|Any CPU
		StrongDebug|Any CPU = StrongDebug|Any CPU
		StrongRelease|Any CPU = StrongRelease|Any CPU
	EndGlobalSection
	GlobalSection(ProjectConfigurationPlatforms) = postSolution
		{53E13EE8-E19A-43DD-A623-55023BF74AD6}.Debug|Any CPU.ActiveCfg = Debug|Any CPU
		{53E13EE8-E19A-43DD-A623-55023BF74AD6}.Debug|Any CPU.Build.0 = Debug|Any CPU
		{53E13EE8-E19A-43DD-A623-55023BF74AD6}.Release|Any CPU.ActiveCfg = Release|Any CPU
		{53E13EE8-E19A-43DD-A623-55023BF74AD6}.Release|Any CPU.Build.0 = Release|Any CPU
		{53E13EE8-E19A-43DD-A623-55023BF74AD6}.StrongDebug|Any CPU.ActiveCfg = StrongDebug|Any CPU
		{53E13EE8-E19A-43DD-A623-55023BF74AD6}.StrongDebug|Any CPU.Build.0 = StrongDebug|Any CPU
		{53E13EE8-E19A-43DD-A623-55023BF74AD6}.StrongRelease|Any CPU.ActiveCfg = StrongRelease|Any CPU
		{53E13EE8-E19A-43DD-A623-55023BF74AD6}.StrongRelease|Any CPU.Build.0 = StrongRelease|Any CPU
		{9702DDFB-F5EC-45AD-B515-0743B8F348F8}.Debug|Any CPU.ActiveCfg = Debug|Any CPU
		{9702DDFB-F5EC-45AD-B515-0743B8F348F8}.Debug|Any CPU.Build.0 = Debug|Any CPU
		{9702DDFB-F5EC-45AD-B515-0743B8F348F8}.Release|Any CPU.ActiveCfg = Release|Any CPU
		{9702DDFB-F5EC-45AD-B515-0743B8F348F8}.Release|Any CPU.Build.0 = Release|Any CPU
		{9702DDFB-F5EC-45AD-B515-0743B8F348F8}.StrongDebug|Any CPU.ActiveCfg = StrongDebug|Any CPU
		{9702DDFB-F5EC-45AD-B515-0743B8F348F8}.StrongDebug|Any CPU.Build.0 = StrongDebug|Any CPU
		{9702DDFB-F5EC-45AD-B515-0743B8F348F8}.StrongRelease|Any CPU.ActiveCfg = StrongRelease|Any CPU
		{9702DDFB-F5EC-45AD-B515-0743B8F348F8}.StrongRelease|Any CPU.Build.0 = StrongRelease|Any CPU
		{B9CD4F60-FBF3-42EB-AF89-0984CF60BEED}.Debug|Any CPU.ActiveCfg = Debug|Any CPU
		{B9CD4F60-FBF3-42EB-AF89-0984CF60BEED}.Debug|Any CPU.Build.0 = Debug|Any CPU
		{B9CD4F60-FBF3-42EB-AF89-0984CF60BEED}.Release|Any CPU.ActiveCfg = Release|Any CPU
		{B9CD4F60-FBF3-42EB-AF89-0984CF60BEED}.Release|Any CPU.Build.0 = Release|Any CPU
		{B9CD4F60-FBF3-42EB-AF89-0984CF60BEED}.StrongDebug|Any CPU.ActiveCfg = Debug|Any CPU
		{B9CD4F60-FBF3-42EB-AF89-0984CF60BEED}.StrongDebug|Any CPU.Build.0 = Debug|Any CPU
		{B9CD4F60-FBF3-42EB-AF89-0984CF60BEED}.StrongRelease|Any CPU.ActiveCfg = StrongRelease|Any CPU
		{B9CD4F60-FBF3-42EB-AF89-0984CF60BEED}.StrongRelease|Any CPU.Build.0 = StrongRelease|Any CPU
		{D392728B-E989-4463-A7D7-3361B1F6A5C9}.Debug|Any CPU.ActiveCfg = Debug|Any CPU
		{D392728B-E989-4463-A7D7-3361B1F6A5C9}.Debug|Any CPU.Build.0 = Debug|Any CPU
		{D392728B-E989-4463-A7D7-3361B1F6A5C9}.Release|Any CPU.ActiveCfg = Release|Any CPU
		{D392728B-E989-4463-A7D7-3361B1F6A5C9}.Release|Any CPU.Build.0 = Release|Any CPU
		{D392728B-E989-4463-A7D7-3361B1F6A5C9}.StrongDebug|Any CPU.ActiveCfg = Debug|Any CPU
		{D392728B-E989-4463-A7D7-3361B1F6A5C9}.StrongDebug|Any CPU.Build.0 = Debug|Any CPU
		{D392728B-E989-4463-A7D7-3361B1F6A5C9}.StrongRelease|Any CPU.ActiveCfg = Release|Any CPU
		{D392728B-E989-4463-A7D7-3361B1F6A5C9}.StrongRelease|Any CPU.Build.0 = Release|Any CPU
		{F822ABA5-0F5F-44AF-A13C-EE62DDF5E397}.Debug|Any CPU.ActiveCfg = Debug|Any CPU
		{F822ABA5-0F5F-44AF-A13C-EE62DDF5E397}.Debug|Any CPU.Build.0 = Debug|Any CPU
		{F822ABA5-0F5F-44AF-A13C-EE62DDF5E397}.Release|Any CPU.ActiveCfg = Release|Any CPU
		{F822ABA5-0F5F-44AF-A13C-EE62DDF5E397}.Release|Any CPU.Build.0 = Release|Any CPU
		{F822ABA5-0F5F-44AF-A13C-EE62DDF5E397}.StrongDebug|Any CPU.ActiveCfg = StrongDebug|Any CPU
		{F822ABA5-0F5F-44AF-A13C-EE62DDF5E397}.StrongDebug|Any CPU.Build.0 = StrongDebug|Any CPU
		{F822ABA5-0F5F-44AF-A13C-EE62DDF5E397}.StrongRelease|Any CPU.ActiveCfg = StrongRelease|Any CPU
		{F822ABA5-0F5F-44AF-A13C-EE62DDF5E397}.StrongRelease|Any CPU.Build.0 = StrongRelease|Any CPU
		{15501EC2-F625-41C5-A1BF-3B17069C4F5B}.Debug|Any CPU.ActiveCfg = Debug|Any CPU
		{15501EC2-F625-41C5-A1BF-3B17069C4F5B}.Debug|Any CPU.Build.0 = Debug|Any CPU
		{15501EC2-F625-41C5-A1BF-3B17069C4F5B}.Release|Any CPU.ActiveCfg = Release|Any CPU
		{15501EC2-F625-41C5-A1BF-3B17069C4F5B}.Release|Any CPU.Build.0 = Release|Any CPU
		{15501EC2-F625-41C5-A1BF-3B17069C4F5B}.StrongDebug|Any CPU.ActiveCfg = Debug|Any CPU
		{15501EC2-F625-41C5-A1BF-3B17069C4F5B}.StrongDebug|Any CPU.Build.0 = Debug|Any CPU
		{15501EC2-F625-41C5-A1BF-3B17069C4F5B}.StrongRelease|Any CPU.ActiveCfg = Release|Any CPU
		{15501EC2-F625-41C5-A1BF-3B17069C4F5B}.StrongRelease|Any CPU.Build.0 = Release|Any CPU
		{D555D4C7-28A4-44D7-8F2E-88ADC1C1A992}.Debug|Any CPU.ActiveCfg = Debug|Any CPU
		{D555D4C7-28A4-44D7-8F2E-88ADC1C1A992}.Debug|Any CPU.Build.0 = Debug|Any CPU
		{D555D4C7-28A4-44D7-8F2E-88ADC1C1A992}.Release|Any CPU.ActiveCfg = Release|Any CPU
		{D555D4C7-28A4-44D7-8F2E-88ADC1C1A992}.Release|Any CPU.Build.0 = Release|Any CPU
		{D555D4C7-28A4-44D7-8F2E-88ADC1C1A992}.StrongDebug|Any CPU.ActiveCfg = StrongDebug|Any CPU
		{D555D4C7-28A4-44D7-8F2E-88ADC1C1A992}.StrongDebug|Any CPU.Build.0 = StrongDebug|Any CPU
		{D555D4C7-28A4-44D7-8F2E-88ADC1C1A992}.StrongRelease|Any CPU.ActiveCfg = StrongRelease|Any CPU
		{D555D4C7-28A4-44D7-8F2E-88ADC1C1A992}.StrongRelease|Any CPU.Build.0 = StrongRelease|Any CPU
		{B96783DD-B93A-4EC7-B037-99A34D2487E6}.Debug|Any CPU.ActiveCfg = Debug|Any CPU
		{B96783DD-B93A-4EC7-B037-99A34D2487E6}.Debug|Any CPU.Build.0 = Debug|Any CPU
		{B96783DD-B93A-4EC7-B037-99A34D2487E6}.Release|Any CPU.ActiveCfg = Release|Any CPU
		{B96783DD-B93A-4EC7-B037-99A34D2487E6}.Release|Any CPU.Build.0 = Release|Any CPU
		{B96783DD-B93A-4EC7-B037-99A34D2487E6}.StrongDebug|Any CPU.ActiveCfg = Debug|Any CPU
		{B96783DD-B93A-4EC7-B037-99A34D2487E6}.StrongDebug|Any CPU.Build.0 = Debug|Any CPU
		{B96783DD-B93A-4EC7-B037-99A34D2487E6}.StrongRelease|Any CPU.ActiveCfg = StrongRelease|Any CPU
		{B96783DD-B93A-4EC7-B037-99A34D2487E6}.StrongRelease|Any CPU.Build.0 = StrongRelease|Any CPU
		{1230E770-11F1-4DB8-8176-B1978231BCE3}.Debug|Any CPU.ActiveCfg = Debug|Any CPU
		{1230E770-11F1-4DB8-8176-B1978231BCE3}.Debug|Any CPU.Build.0 = Debug|Any CPU
		{1230E770-11F1-4DB8-8176-B1978231BCE3}.Release|Any CPU.ActiveCfg = Release|Any CPU
		{1230E770-11F1-4DB8-8176-B1978231BCE3}.Release|Any CPU.Build.0 = Release|Any CPU
		{1230E770-11F1-4DB8-8176-B1978231BCE3}.StrongDebug|Any CPU.ActiveCfg = StrongDebug|Any CPU
		{1230E770-11F1-4DB8-8176-B1978231BCE3}.StrongDebug|Any CPU.Build.0 = StrongDebug|Any CPU
		{1230E770-11F1-4DB8-8176-B1978231BCE3}.StrongRelease|Any CPU.ActiveCfg = StrongRelease|Any CPU
		{1230E770-11F1-4DB8-8176-B1978231BCE3}.StrongRelease|Any CPU.Build.0 = StrongRelease|Any CPU
		{A88D4337-9198-4095-B889-63D6F11F3894}.Debug|Any CPU.ActiveCfg = Debug|Any CPU
		{A88D4337-9198-4095-B889-63D6F11F3894}.Debug|Any CPU.Build.0 = Debug|Any CPU
		{A88D4337-9198-4095-B889-63D6F11F3894}.Release|Any CPU.ActiveCfg = Release|Any CPU
		{A88D4337-9198-4095-B889-63D6F11F3894}.Release|Any CPU.Build.0 = Release|Any CPU
		{A88D4337-9198-4095-B889-63D6F11F3894}.StrongDebug|Any CPU.ActiveCfg = StrongDebug|Any CPU
		{A88D4337-9198-4095-B889-63D6F11F3894}.StrongDebug|Any CPU.Build.0 = StrongDebug|Any CPU
		{A88D4337-9198-4095-B889-63D6F11F3894}.StrongRelease|Any CPU.ActiveCfg = StrongRelease|Any CPU
		{A88D4337-9198-4095-B889-63D6F11F3894}.StrongRelease|Any CPU.Build.0 = StrongRelease|Any CPU
		{8E230885-FE60-442C-9CE7-B2FFB4887AD5}.Debug|Any CPU.ActiveCfg = Debug|Any CPU
		{8E230885-FE60-442C-9CE7-B2FFB4887AD5}.Debug|Any CPU.Build.0 = Debug|Any CPU
		{8E230885-FE60-442C-9CE7-B2FFB4887AD5}.Release|Any CPU.ActiveCfg = Release|Any CPU
		{8E230885-FE60-442C-9CE7-B2FFB4887AD5}.Release|Any CPU.Build.0 = Release|Any CPU
		{8E230885-FE60-442C-9CE7-B2FFB4887AD5}.StrongDebug|Any CPU.ActiveCfg = Debug|Any CPU
		{8E230885-FE60-442C-9CE7-B2FFB4887AD5}.StrongDebug|Any CPU.Build.0 = Debug|Any CPU
		{8E230885-FE60-442C-9CE7-B2FFB4887AD5}.StrongRelease|Any CPU.ActiveCfg = Release|Any CPU
		{8E230885-FE60-442C-9CE7-B2FFB4887AD5}.StrongRelease|Any CPU.Build.0 = Release|Any CPU
		{5F42D0C5-A525-4891-9A5D-3D8BE4A21626}.Debug|Any CPU.ActiveCfg = Debug|Any CPU
		{5F42D0C5-A525-4891-9A5D-3D8BE4A21626}.Debug|Any CPU.Build.0 = Debug|Any CPU
		{5F42D0C5-A525-4891-9A5D-3D8BE4A21626}.Release|Any CPU.ActiveCfg = Release|Any CPU
		{5F42D0C5-A525-4891-9A5D-3D8BE4A21626}.Release|Any CPU.Build.0 = Release|Any CPU
		{5F42D0C5-A525-4891-9A5D-3D8BE4A21626}.StrongDebug|Any CPU.ActiveCfg = StrongDebug|Any CPU
		{5F42D0C5-A525-4891-9A5D-3D8BE4A21626}.StrongDebug|Any CPU.Build.0 = StrongDebug|Any CPU
		{5F42D0C5-A525-4891-9A5D-3D8BE4A21626}.StrongRelease|Any CPU.ActiveCfg = StrongRelease|Any CPU
		{5F42D0C5-A525-4891-9A5D-3D8BE4A21626}.StrongRelease|Any CPU.Build.0 = StrongRelease|Any CPU
		{1B1D1BA1-5D34-4C8B-9727-8ED6E14E7CB9}.Debug|Any CPU.ActiveCfg = Debug|Any CPU
		{1B1D1BA1-5D34-4C8B-9727-8ED6E14E7CB9}.Debug|Any CPU.Build.0 = Debug|Any CPU
		{1B1D1BA1-5D34-4C8B-9727-8ED6E14E7CB9}.Release|Any CPU.ActiveCfg = Release|Any CPU
		{1B1D1BA1-5D34-4C8B-9727-8ED6E14E7CB9}.Release|Any CPU.Build.0 = Release|Any CPU
		{1B1D1BA1-5D34-4C8B-9727-8ED6E14E7CB9}.StrongDebug|Any CPU.ActiveCfg = Debug|Any CPU
		{1B1D1BA1-5D34-4C8B-9727-8ED6E14E7CB9}.StrongDebug|Any CPU.Build.0 = Debug|Any CPU
		{1B1D1BA1-5D34-4C8B-9727-8ED6E14E7CB9}.StrongRelease|Any CPU.ActiveCfg = Release|Any CPU
		{1B1D1BA1-5D34-4C8B-9727-8ED6E14E7CB9}.StrongRelease|Any CPU.Build.0 = Release|Any CPU
		{5DF89B1E-72B5-430B-BA75-FD1B34B57481}.Debug|Any CPU.ActiveCfg = Debug|Any CPU
		{5DF89B1E-72B5-430B-BA75-FD1B34B57481}.Debug|Any CPU.Build.0 = Debug|Any CPU
		{5DF89B1E-72B5-430B-BA75-FD1B34B57481}.Release|Any CPU.ActiveCfg = Release|Any CPU
		{5DF89B1E-72B5-430B-BA75-FD1B34B57481}.Release|Any CPU.Build.0 = Release|Any CPU
		{5DF89B1E-72B5-430B-BA75-FD1B34B57481}.StrongDebug|Any CPU.ActiveCfg = Debug|Any CPU
		{5DF89B1E-72B5-430B-BA75-FD1B34B57481}.StrongDebug|Any CPU.Build.0 = Debug|Any CPU
		{5DF89B1E-72B5-430B-BA75-FD1B34B57481}.StrongRelease|Any CPU.ActiveCfg = Release|Any CPU
		{5DF89B1E-72B5-430B-BA75-FD1B34B57481}.StrongRelease|Any CPU.Build.0 = Release|Any CPU
		{3A96A588-B37C-4B9A-BCDC-EB6DD2E0C5B6}.Debug|Any CPU.ActiveCfg = Debug|Any CPU
		{3A96A588-B37C-4B9A-BCDC-EB6DD2E0C5B6}.Debug|Any CPU.Build.0 = Debug|Any CPU
		{3A96A588-B37C-4B9A-BCDC-EB6DD2E0C5B6}.Release|Any CPU.ActiveCfg = Release|Any CPU
		{3A96A588-B37C-4B9A-BCDC-EB6DD2E0C5B6}.Release|Any CPU.Build.0 = Release|Any CPU
		{3A96A588-B37C-4B9A-BCDC-EB6DD2E0C5B6}.StrongDebug|Any CPU.ActiveCfg = Debug|Any CPU
		{3A96A588-B37C-4B9A-BCDC-EB6DD2E0C5B6}.StrongDebug|Any CPU.Build.0 = Debug|Any CPU
		{3A96A588-B37C-4B9A-BCDC-EB6DD2E0C5B6}.StrongRelease|Any CPU.ActiveCfg = Release|Any CPU
		{3A96A588-B37C-4B9A-BCDC-EB6DD2E0C5B6}.StrongRelease|Any CPU.Build.0 = Release|Any CPU
		{EB884293-9316-41E5-A026-8A0F036E5887}.Debug|Any CPU.ActiveCfg = Debug|Any CPU
		{EB884293-9316-41E5-A026-8A0F036E5887}.Debug|Any CPU.Build.0 = Debug|Any CPU
		{EB884293-9316-41E5-A026-8A0F036E5887}.Release|Any CPU.ActiveCfg = Release|Any CPU
		{EB884293-9316-41E5-A026-8A0F036E5887}.Release|Any CPU.Build.0 = Release|Any CPU
		{EB884293-9316-41E5-A026-8A0F036E5887}.StrongDebug|Any CPU.ActiveCfg = StrongDebug|Any CPU
		{EB884293-9316-41E5-A026-8A0F036E5887}.StrongDebug|Any CPU.Build.0 = StrongDebug|Any CPU
		{EB884293-9316-41E5-A026-8A0F036E5887}.StrongRelease|Any CPU.ActiveCfg = StrongRelease|Any CPU
		{EB884293-9316-41E5-A026-8A0F036E5887}.StrongRelease|Any CPU.Build.0 = StrongRelease|Any CPU
		{2108A9E1-8D2F-4677-ACA1-4E88CFC188FE}.Debug|Any CPU.ActiveCfg = Debug|Any CPU
		{2108A9E1-8D2F-4677-ACA1-4E88CFC188FE}.Debug|Any CPU.Build.0 = Debug|Any CPU
		{2108A9E1-8D2F-4677-ACA1-4E88CFC188FE}.Release|Any CPU.ActiveCfg = Release|Any CPU
		{2108A9E1-8D2F-4677-ACA1-4E88CFC188FE}.Release|Any CPU.Build.0 = Release|Any CPU
		{2108A9E1-8D2F-4677-ACA1-4E88CFC188FE}.StrongDebug|Any CPU.ActiveCfg = StrongDebug|Any CPU
		{2108A9E1-8D2F-4677-ACA1-4E88CFC188FE}.StrongDebug|Any CPU.Build.0 = StrongDebug|Any CPU
		{2108A9E1-8D2F-4677-ACA1-4E88CFC188FE}.StrongRelease|Any CPU.ActiveCfg = StrongRelease|Any CPU
		{2108A9E1-8D2F-4677-ACA1-4E88CFC188FE}.StrongRelease|Any CPU.Build.0 = StrongRelease|Any CPU
		{784A584E-4A0E-4420-BE9A-70094BC0FF01}.Debug|Any CPU.ActiveCfg = Debug|Any CPU
		{784A584E-4A0E-4420-BE9A-70094BC0FF01}.Debug|Any CPU.Build.0 = Debug|Any CPU
		{784A584E-4A0E-4420-BE9A-70094BC0FF01}.Release|Any CPU.ActiveCfg = Release|Any CPU
		{784A584E-4A0E-4420-BE9A-70094BC0FF01}.Release|Any CPU.Build.0 = Release|Any CPU
		{784A584E-4A0E-4420-BE9A-70094BC0FF01}.StrongDebug|Any CPU.ActiveCfg = StrongDebug|Any CPU
		{784A584E-4A0E-4420-BE9A-70094BC0FF01}.StrongDebug|Any CPU.Build.0 = StrongDebug|Any CPU
		{784A584E-4A0E-4420-BE9A-70094BC0FF01}.StrongRelease|Any CPU.ActiveCfg = StrongRelease|Any CPU
		{784A584E-4A0E-4420-BE9A-70094BC0FF01}.StrongRelease|Any CPU.Build.0 = StrongRelease|Any CPU
		{9673298A-2E7B-4024-9261-00E4A9FF13EB}.Debug|Any CPU.ActiveCfg = Debug|Any CPU
		{9673298A-2E7B-4024-9261-00E4A9FF13EB}.Debug|Any CPU.Build.0 = Debug|Any CPU
		{9673298A-2E7B-4024-9261-00E4A9FF13EB}.Release|Any CPU.ActiveCfg = Release|Any CPU
		{9673298A-2E7B-4024-9261-00E4A9FF13EB}.Release|Any CPU.Build.0 = Release|Any CPU
		{9673298A-2E7B-4024-9261-00E4A9FF13EB}.StrongDebug|Any CPU.ActiveCfg = Debug|Any CPU
		{9673298A-2E7B-4024-9261-00E4A9FF13EB}.StrongDebug|Any CPU.Build.0 = Debug|Any CPU
		{9673298A-2E7B-4024-9261-00E4A9FF13EB}.StrongRelease|Any CPU.ActiveCfg = Release|Any CPU
		{9673298A-2E7B-4024-9261-00E4A9FF13EB}.StrongRelease|Any CPU.Build.0 = Release|Any CPU
		{3298EBE2-44B2-414B-ABE6-0854F922FB4F}.Debug|Any CPU.ActiveCfg = Debug|Any CPU
		{3298EBE2-44B2-414B-ABE6-0854F922FB4F}.Debug|Any CPU.Build.0 = Debug|Any CPU
		{3298EBE2-44B2-414B-ABE6-0854F922FB4F}.Release|Any CPU.ActiveCfg = Release|Any CPU
		{3298EBE2-44B2-414B-ABE6-0854F922FB4F}.Release|Any CPU.Build.0 = Release|Any CPU
		{3298EBE2-44B2-414B-ABE6-0854F922FB4F}.StrongDebug|Any CPU.ActiveCfg = Debug|Any CPU
		{3298EBE2-44B2-414B-ABE6-0854F922FB4F}.StrongDebug|Any CPU.Build.0 = Debug|Any CPU
		{3298EBE2-44B2-414B-ABE6-0854F922FB4F}.StrongRelease|Any CPU.ActiveCfg = Release|Any CPU
		{3298EBE2-44B2-414B-ABE6-0854F922FB4F}.StrongRelease|Any CPU.Build.0 = Release|Any CPU
	EndGlobalSection
	GlobalSection(SolutionProperties) = preSolution
		HideSolutionNode = FALSE
	EndGlobalSection
	GlobalSection(NestedProjects) = preSolution
		{53E13EE8-E19A-43DD-A623-55023BF74AD6} = {56F03079-C307-476F-B273-42E794AFD3D5}
		{8E230885-FE60-442C-9CE7-B2FFB4887AD5} = {56F03079-C307-476F-B273-42E794AFD3D5}
		{9702DDFB-F5EC-45AD-B515-0743B8F348F8} = {56F03079-C307-476F-B273-42E794AFD3D5}
		{B9CD4F60-FBF3-42EB-AF89-0984CF60BEED} = {56F03079-C307-476F-B273-42E794AFD3D5}
		{D392728B-E989-4463-A7D7-3361B1F6A5C9} = {56F03079-C307-476F-B273-42E794AFD3D5}
		{F822ABA5-0F5F-44AF-A13C-EE62DDF5E397} = {56F03079-C307-476F-B273-42E794AFD3D5}
		{15501EC2-F625-41C5-A1BF-3B17069C4F5B} = {56F03079-C307-476F-B273-42E794AFD3D5}
		{D555D4C7-28A4-44D7-8F2E-88ADC1C1A992} = {56F03079-C307-476F-B273-42E794AFD3D5}
		{B96783DD-B93A-4EC7-B037-99A34D2487E6} = {56F03079-C307-476F-B273-42E794AFD3D5}
		{1230E770-11F1-4DB8-8176-B1978231BCE3} = {56F03079-C307-476F-B273-42E794AFD3D5}
		{A88D4337-9198-4095-B889-63D6F11F3894} = {56F03079-C307-476F-B273-42E794AFD3D5}
		{9673298A-2E7B-4024-9261-00E4A9FF13EB} = {56F03079-C307-476F-B273-42E794AFD3D5}
		{3298EBE2-44B2-414B-ABE6-0854F922FB4F} = {56F03079-C307-476F-B273-42E794AFD3D5}
		{5F42D0C5-A525-4891-9A5D-3D8BE4A21626} = {22C1E1C6-834D-4CAF-AEC3-3C88C852DCE3}
		{EB884293-9316-41E5-A026-8A0F036E5887} = {22C1E1C6-834D-4CAF-AEC3-3C88C852DCE3}
		{2108A9E1-8D2F-4677-ACA1-4E88CFC188FE} = {22C1E1C6-834D-4CAF-AEC3-3C88C852DCE3}
		{784A584E-4A0E-4420-BE9A-70094BC0FF01} = {22C1E1C6-834D-4CAF-AEC3-3C88C852DCE3}
		{1B1D1BA1-5D34-4C8B-9727-8ED6E14E7CB9} = {7E39B9A9-14A0-45D1-AB7C-643662D0F1BA}
		{5DF89B1E-72B5-430B-BA75-FD1B34B57481} = {7E39B9A9-14A0-45D1-AB7C-643662D0F1BA}
		{3A96A588-B37C-4B9A-BCDC-EB6DD2E0C5B6} = {7E39B9A9-14A0-45D1-AB7C-643662D0F1BA}
	EndGlobalSection
EndGlobal
